
Microsoft Visual Studio Solution File, Format Version 12.00
# Visual Studio Version 17
VisualStudioVersion = 17.11.35222.181
MinimumVisualStudioVersion = 10.0.40219.1
Project("{9092AA53-FB77-4645-B42D-1CCCA6BD08BD}") = "BankBackend", "BankBackend\BankBackend.njsproj", "{FDF21E81-0EA3-41A5-9020-6F9408FDCD6F}"
EndProject
Global
	GlobalSection(SolutionConfigurationPlatforms) = preSolution
		Debug|Any CPU = Debug|Any CPU
		Release|Any CPU = Release|Any CPU
	EndGlobalSection
	GlobalSection(ProjectConfigurationPlatforms) = postSolution
		{FDF21E81-0EA3-41A5-9020-6F9408FDCD6F}.Debug|Any CPU.ActiveCfg = Debug|Any CPU
		{FDF21E81-0EA3-41A5-9020-6F9408FDCD6F}.Debug|Any CPU.Build.0 = Debug|Any CPU
		{FDF21E81-0EA3-41A5-9020-6F9408FDCD6F}.Release|Any CPU.ActiveCfg = Release|Any CPU
		{FDF21E81-0EA3-41A5-9020-6F9408FDCD6F}.Release|Any CPU.Build.0 = Release|Any CPU
	EndGlobalSection
	GlobalSection(SolutionProperties) = preSolution
		HideSolutionNode = FALSE
	EndGlobalSection
	GlobalSection(ExtensibilityGlobals) = postSolution
		SolutionGuid = {E851BD08-0C4C-4442-ADAF-F13CC46C58EB}
	EndGlobalSection
EndGlobal
